PODS:
  - Leanplum-iOS-Location-source (2.0.6):
    - Leanplum-iOS-SDK-source
  - Leanplum-iOS-SDK-source (2.2-beta-6)

DEPENDENCIES:
  - Leanplum-iOS-Location-source (from `../../../001-leanplum-ios-location/Leanplum-iOS-Location`)
  - Leanplum-iOS-SDK-source (from `../../../001-leanplum-ios-sdk`)

EXTERNAL SOURCES:
  Leanplum-iOS-Location-source:
    :path: "../../../001-leanplum-ios-location/Leanplum-iOS-Location"
  Leanplum-iOS-SDK-source:
    :path: "../../../001-leanplum-ios-sdk"

SPEC CHECKSUMS:
  Leanplum-iOS-Location-source: 41f9cd407b3f9bfa51b243464ee78a2ef3b63d69
  Leanplum-iOS-SDK-source: e26baf733e8976f70ebb42ca7aaa26232c3d902b

PODFILE CHECKSUM: da6bbc3b9cb7d3e21ae318b0a4559979df52c73d

COCOAPODS: 1.5.3
